
Microsoft Visual Studio Solution File, Format Version 12.00
# Visual Studio Version 16
VisualStudioVersion = 16.0.30128.74
MinimumVisualStudioVersion = 10.0.40219.1
Project("{FAE04EC0-301F-11D3-BF4B-00C04F79EFBC}") = "Inlamning2_refaktorera_dokumentera", "Inlamning2_refaktorera_dokumentera.csproj", "{43D2EA7B-5494-42A2-BA8B-1FEFC0552A53}"
EndProject
Global
	GlobalSection(SolutionConfigurationPlatforms) = preSolution
		Debug|Any CPU = Debug|Any CPU
		Release|Any CPU = Release|Any CPU
	EndGlobalSection
	GlobalSection(ProjectConfigurationPlatforms) = postSolution
		{43D2EA7B-5494-42A2-BA8B-1FEFC0552A53}.Debug|Any CPU.ActiveCfg = Debug|Any CPU
		{43D2EA7B-5494-42A2-BA8B-1FEFC0552A53}.Debug|Any CPU.Build.0 = Debug|Any CPU
		{43D2EA7B-5494-42A2-BA8B-1FEFC0552A53}.Release|Any CPU.ActiveCfg = Release|Any CPU
		{43D2EA7B-5494-42A2-BA8B-1FEFC0552A53}.Release|Any CPU.Build.0 = Release|Any CPU
	EndGlobalSection
	GlobalSection(SolutionProperties) = preSolution
		HideSolutionNode = FALSE
	EndGlobalSection
	GlobalSection(ExtensibilityGlobals) = postSolution
		SolutionGuid = {0C96AEF5-76D8-4F4E-A3D9-74255678132A}
	EndGlobalSection
EndGlobal
